
Microsoft Visual Studio Solution File, Format Version 12.00
# Visual Studio Version 17
VisualStudioVersion = 17.10.34916.146
MinimumVisualStudioVersion = 10.0.40219.1
Project("{FAE04EC0-301F-11D3-BF4B-00C04F79EFBC}") = "SharpMASM", "SharpMASM.csproj", "{BDA5450C-2FE8-44D9-B0BD-F198B29AA050}"
EndProject
Project("{2150E333-8FDC-42A3-9474-1A3956D46DE8}") = "Solution Items", "Solution Items", "{8EC462FD-D22E-90A8-E5CE-7E832BA40C5D}"
EndProject
Project("{FAE04EC0-301F-11D3-BF4B-00C04F79EFBC}") = "SharpStyle", "..\SharpStyle\SharpStyle\SharpStyle.csproj", "{B131BC1A-1076-48EF-B44E-FAA5A054C093}"
EndProject
Global
	GlobalSection(SolutionConfigurationPlatforms) = preSolution
		Debug|Any CPU = Debug|Any CPU
		Release|Any CPU = Release|Any CPU
	EndGlobalSection
	GlobalSection(ProjectConfigurationPlatforms) = postSolution
		{BDA5450C-2FE8-44D9-B0BD-F198B29AA050}.Debug|Any CPU.ActiveCfg = Debug|Any CPU
		{BDA5450C-2FE8-44D9-B0BD-F198B29AA050}.Debug|Any CPU.Build.0 = Debug|Any CPU
		{BDA5450C-2FE8-44D9-B0BD-F198B29AA050}.Release|Any CPU.ActiveCfg = Release|Any CPU
		{BDA5450C-2FE8-44D9-B0BD-F198B29AA050}.Release|Any CPU.Build.0 = Release|Any CPU
		{B131BC1A-1076-48EF-B44E-FAA5A054C093}.Debug|Any CPU.ActiveCfg = Debug|Any CPU
		{B131BC1A-1076-48EF-B44E-FAA5A054C093}.Debug|Any CPU.Build.0 = Debug|Any CPU
		{B131BC1A-1076-48EF-B44E-FAA5A054C093}.Release|Any CPU.ActiveCfg = Release|Any CPU
		{B131BC1A-1076-48EF-B44E-FAA5A054C093}.Release|Any CPU.Build.0 = Release|Any CPU
	EndGlobalSection
	GlobalSection(SolutionProperties) = preSolution
		HideSolutionNode = FALSE
	EndGlobalSection
	GlobalSection(ExtensibilityGlobals) = postSolution
		SolutionGuid = {1AB139C6-4C58-4DD7-8A98-C7E27E7EAE2A}
	EndGlobalSection
EndGlobal
