
Microsoft Visual Studio Solution File, Format Version 12.00
# Visual Studio 2013
VisualStudioVersion = 12.0.21005.1
MinimumVisualStudioVersion = 10.0.40219.1
Project("{FAE04EC0-301F-11D3-BF4B-00C04F79EFBC}") = "SharpStyle", "SharpStyle\SharpStyle.csproj", "{B131BC1A-1076-48EF-B44E-FAA5A054C093}"
EndProject
Project("{FAE04EC0-301F-11D3-BF4B-00C04F79EFBC}") = "ConsoleApplication1", "..\ConsoleApplication1\ConsoleApplication1\ConsoleApplication1.csproj", "{994E4DC7-FC98-48C2-87AA-C8BEFE9C9AE1}"
EndProject
Global
	GlobalSection(SolutionConfigurationPlatforms) = preSolution
		Debug|Any CPU = Debug|Any CPU
		Release|Any CPU = Release|Any CPU
	EndGlobalSection
	GlobalSection(ProjectConfigurationPlatforms) = postSolution
		{B131BC1A-1076-48EF-B44E-FAA5A054C093}.Debug|Any CPU.ActiveCfg = Debug|Any CPU
		{B131BC1A-1076-48EF-B44E-FAA5A054C093}.Debug|Any CPU.Build.0 = Debug|Any CPU
		{B131BC1A-1076-48EF-B44E-FAA5A054C093}.Release|Any CPU.ActiveCfg = Release|Any CPU
		{B131BC1A-1076-48EF-B44E-FAA5A054C093}.Release|Any CPU.Build.0 = Release|Any CPU
		{994E4DC7-FC98-48C2-87AA-C8BEFE9C9AE1}.Debug|Any CPU.ActiveCfg = Debug|Any CPU
		{994E4DC7-FC98-48C2-87AA-C8BEFE9C9AE1}.Debug|Any CPU.Build.0 = Debug|Any CPU
		{994E4DC7-FC98-48C2-87AA-C8BEFE9C9AE1}.Release|Any CPU.ActiveCfg = Release|Any CPU
		{994E4DC7-FC98-48C2-87AA-C8BEFE9C9AE1}.Release|Any CPU.Build.0 = Release|Any CPU
	EndGlobalSection
	GlobalSection(SolutionProperties) = preSolution
		HideSolutionNode = FALSE
	EndGlobalSection
	GlobalSection(ExtensibilityGlobals) = postSolution
		SolutionGuid = {9FC4DA37-A38E-42D5-AB83-90B62AE8F47F}
	EndGlobalSection
EndGlobal
